{
  "name": "automagik-forge",
  "version": "0.1.14",
  "lockfileVersion": 3,
  "requires": true,
  "packages": {
    "": {
      "name": "automagik-forge",
      "version": "0.1.14",
      "dependencies": {
        "automagik-forge": "^0.1.14"
      },
      "bin": {
        "automagik-forge": "bin/cli.js"
      }
    },
    "node_modules/automagik-forge": {
      "version": "0.1.14",
      "resolved": "https://registry.npmjs.org/automagik-forge/-/automagik-forge-0.1.14.tgz",
      "integrity": "sha512-t5aP+RqGJvyboMPIyEjT+6Ap0rbOJzlt7h4+U0rqWcGpOp/gL6DOH1CydLJr1HvEPGfPAkreE6OmrFhKsXMLqA==",
      "bin": {
        "automagik-forge": "bin/cli.js"
      }
    }
  }
}
